# THIS IS AN AUTOGENERATED FILE. DO NOT EDIT THIS FILE DIRECTLY.
# yarn lockfile v1


"@oxlint/binding-android-arm-eabi@1.61.0":
  version "1.61.0"
  resolved "https://registry.yarnpkg.com/@oxlint/binding-android-arm-eabi/-/binding-android-arm-eabi-1.61.0.tgz#c7a8fb22ac3084d6f4c873cdc9779f4f9e38b805"
  integrity sha512-6eZBPgiigK5txqoVgRqxbaxiom4lM8AP8CyKPPvpzKnQ3iFRFOIDc+0AapF+qsUSwjOzr5SGk4SxQDpQhkSJMQ==

"@oxlint/binding-android-arm64@1.61.0":
  version "1.61.0"
  resolved "https://registry.yarnpkg.com/@oxlint/binding-android-arm64/-/binding-android-arm64-1.61.0.tgz#5fe7c707e12513ede292da015d13e93781771e9f"
  integrity sha512-CkwLR69MUnyv5wjzebvbbtTSUwqLxM35CXE79bHqDIK+NtKmPEUpStTcLQRZMCo4MP0qRT6TXIQVpK0ZVScnMA==

"@oxlint/binding-darwin-arm64@1.61.0":
  version "1.61.0"
  resolved "https://registry.yarnpkg.com/@oxlint/binding-darwin-arm64/-/binding-darwin-arm64-1.61.0.tgz#1f58a4c592b76e293e5b9072cc0e4e7a5bef8191"
  integrity sha512-8JbefTkbmvqkqWjmQrHke+MdpgT2UghhD/ktM4FOQSpGeCgbMToJEKdl9zwhr/YWTl92i4QI1KiTwVExpcUN8A==

"@oxlint/binding-darwin-x64@1.61.0":
  version "1.61.0"
  resolved "https://registry.yarnpkg.com/@oxlint/binding-darwin-x64/-/binding-darwin-x64-1.61.0.tgz#eade7425cc943c3146f3e0f0fb4d08d615ee78a9"
  integrity sha512-uWpoxDT47hTnDLcdEh5jVbso8rlTTu5o0zuqa9J8E0JAKmIWn7kGFEIB03Pycn2hd2vKxybPGLhjURy/9We5FQ==

"@oxlint/binding-freebsd-x64@1.61.0":
  version "1.61.0"
  resolved "https://registry.yarnpkg.com/@oxlint/binding-freebsd-x64/-/binding-freebsd-x64-1.61.0.tgz#8d82382a07ce4895c91694a810dee7f39866951b"
  integrity sha512-K/o4hEyW7flfMel0iBVznmMBt7VIMHGdjADocHKpK1DUF9erpWnJ+BSSWd2W0c8K3mPtpph+CuHzRU6CI3l9jQ==

"@oxlint/binding-linux-arm-gnueabihf@1.61.0":
  version "1.61.0"
  resolved "https://registry.yarnpkg.com/@oxlint/binding-linux-arm-gnueabihf/-/binding-linux-arm-gnueabihf-1.61.0.tgz#df76a5700651cda73ca5578de7308f9479b7cb1b"
  integrity sha512-P6040ZkcyweJ0Po9yEFqJCdvZnf3VNCGs1SIHgXDf8AAQNC6ID/heXQs9iSgo2FH7gKaKq32VWc59XZwL34C5Q==

"@oxlint/binding-linux-arm-musleabihf@1.61.0":
  version "1.61.0"
  resolved "https://registry.yarnpkg.com/@oxlint/binding-linux-arm-musleabihf/-/binding-linux-arm-musleabihf-1.61.0.tgz#b198e5697cfb6cc55eff5ab5b9766732e143492d"
  integrity sha512-bwxrGCzTZkuB+THv2TQ1aTkVEfv5oz8sl+0XZZCpoYzErJD8OhPQOTA0ENPd1zJz8QsVdSzSrS2umKtPq4/JXg==

"@oxlint/binding-linux-arm64-gnu@1.61.0":
  version "1.61.0"
  resolved "https://registry.yarnpkg.com/@oxlint/binding-linux-arm64-gnu/-/binding-linux-arm64-gnu-1.61.0.tgz#a5cdae7ef9f9b79526ef764fb174bb362c3737ee"
  integrity sha512-vkhb9/wKguMkLlrm3FoJW/Xmdv31GgYAE+x8lxxQ+7HeOxXUySI0q36a3NTVIuQUdLzxCI1zzMGsk1o37FOe3w==

"@oxlint/binding-linux-arm64-musl@1.61.0":
  version "1.61.0"
  resolved "https://registry.yarnpkg.com/@oxlint/binding-linux-arm64-musl/-/binding-linux-arm64-musl-1.61.0.tgz#227f6d94a3c00140a88ea338436783bd9da6f4ae"
  integrity sha512-bl1dQh8LnVqsj6oOQAcxwbuOmNJkwc4p6o//HTBZhNTzJy21TLDwAviMqUFNUxDHkPGpmdKTSN4tWTjLryP8xg==

"@oxlint/binding-linux-ppc64-gnu@1.61.0":
  version "1.61.0"
  resolved "https://registry.yarnpkg.com/@oxlint/binding-linux-ppc64-gnu/-/binding-linux-ppc64-gnu-1.61.0.tgz#e504e6cd8691fe460b202599d4c962fc7ad98f94"
  integrity sha512-QoOX6KB2IiEpyOj/HKqaxi+NQHPnOgNgnr22n9N4ANJCzXkUlj1UmeAbFb4PpqdlHIzvGDM5xZ0OKtcLq9RhiQ==

"@oxlint/binding-linux-riscv64-gnu@1.61.0":
  version "1.61.0"
  resolved "https://registry.yarnpkg.com/@oxlint/binding-linux-riscv64-gnu/-/binding-linux-riscv64-gnu-1.61.0.tgz#efe70d9e570756fe19fb60d05a39dd58e9e0f32d"
  integrity sha512-1TGcTerjY6p152wCof3oKElccq3xHljS/Mucp04gV/4ATpP6nO7YNnp7opEg6SHkv2a57/b4b8Ndm9znJ1/qAw==

"@oxlint/binding-linux-riscv64-musl@1.61.0":
  version "1.61.0"
  resolved "https://registry.yarnpkg.com/@oxlint/binding-linux-riscv64-musl/-/binding-linux-riscv64-musl-1.61.0.tgz#f9c42095192f235b03a5d3d1f1fbfb45002d5a93"
  integrity sha512-65wXEmZIrX2ADwC8i/qFL4EWLSbeuBpAm3suuX1vu4IQkKd+wLT/HU/BOl84kp91u2SxPkPDyQgu4yrqp8vwVA==

"@oxlint/binding-linux-s390x-gnu@1.61.0":
  version "1.61.0"
  resolved "https://registry.yarnpkg.com/@oxlint/binding-linux-s390x-gnu/-/binding-linux-s390x-gnu-1.61.0.tgz#23773cd6f8087f98c54383caccb98808fab6cca0"
  integrity sha512-TVvhgMvor7Qa6COeXxCJ7ENOM+lcAOGsQ0iUdPSCv2hxb9qSHLQ4XF1h50S6RE1gBOJ0WV3rNukg4JJJP1LWRA==

"@oxlint/binding-linux-x64-gnu@1.61.0":
  version "1.61.0"
  resolved "https://registry.yarnpkg.com/@oxlint/binding-linux-x64-gnu/-/binding-linux-x64-gnu-1.61.0.tgz#f46b036cf74b382c03f6a00e18cd1ae53096517f"
  integrity sha512-SjpS5uYuFoDnDdZPwZE59ndF95AsY47R5MliuneTWR1pDm2CxGJaYXbKULI71t5TVfLQUWmrHEGRL9xvuq6dnA==

"@oxlint/binding-linux-x64-musl@1.61.0":
  version "1.61.0"
  resolved "https://registry.yarnpkg.com/@oxlint/binding-linux-x64-musl/-/binding-linux-x64-musl-1.61.0.tgz#cff6c4c24de0863cecbce1c1f43adcafacd9011d"
  integrity sha512-gGfAeGD4sNJGILZbc/yKcIimO9wQnPMoYp9swAaKeEtwsSQAbU+rsdQze5SBtIP6j0QDzeYd4XSSUCRCF+LIeQ==

"@oxlint/binding-openharmony-arm64@1.61.0":
  version "1.61.0"
  resolved "https://registry.yarnpkg.com/@oxlint/binding-openharmony-arm64/-/binding-openharmony-arm64-1.61.0.tgz#9fdd87fc10c2c51c510470f7c4136ab2df9ee7b3"
  integrity sha512-OlVT0LrG/ct33EVtWRyR+B/othwmDWeRxfi13wUdPeb3lAT5TgTcFDcfLfarZtzB4W1nWF/zICMgYdkggX2WmQ==

"@oxlint/binding-win32-arm64-msvc@1.61.0":
  version "1.61.0"
  resolved "https://registry.yarnpkg.com/@oxlint/binding-win32-arm64-msvc/-/binding-win32-arm64-msvc-1.61.0.tgz#25a87f62859a6703f2520d665f98f6c0f88a70e0"
  integrity sha512-vI//NZPJk6DToiovPtaiwD4iQ7kO1r5ReWQD0sOOyKRtP3E2f6jxin4uvwi3OvDzHA2EFfd7DcZl5dtkQh7g1w==

"@oxlint/binding-win32-ia32-msvc@1.61.0":
  version "1.61.0"
  resolved "https://registry.yarnpkg.com/@oxlint/binding-win32-ia32-msvc/-/binding-win32-ia32-msvc-1.61.0.tgz#06f7df42b074f28ef27540d38be69875e5d5afcb"
  integrity sha512-0ySj4/4zd2XjePs3XAQq7IigIstN4LPQZgCyigX5/ERMLjdWAJfnxcTsrtxZxuij8guJW8foXuHmhGxW0H4dDA==

"@oxlint/binding-win32-x64-msvc@1.61.0":
  version "1.61.0"
  resolved "https://registry.yarnpkg.com/@oxlint/binding-win32-x64-msvc/-/binding-win32-x64-msvc-1.61.0.tgz#7bc84b261bb8b515ade20f1044547cc8bbee44ce"
  integrity sha512-0xgSiyeqDLDZxXoe9CVJrOx3TUVsfyoOY7cNi03JbItNcC9WCZqrSNdrAbHONxhSPaVh/lzfnDcON1RqSUMhHw==

"@types/w3c-web-usb@^1.0.6":
  version "1.0.13"
  resolved "https://registry.yarnpkg.com/@types/w3c-web-usb/-/w3c-web-usb-1.0.13.tgz#4792e2ef7f611d0ee260b7adbf4ed121326c04e1"
  integrity sha512-N2nSl3Xsx8mRHZBvMSdNGtzMyeleTvtlEw+ujujgXalPqOjIA6UtrqcB6OzyUjkTbDm3J7P1RNK1lgoO7jxtsw==

node-addon-api@^8.0.0:
  version "8.7.0"
  resolved "https://registry.yarnpkg.com/node-addon-api/-/node-addon-api-8.7.0.tgz#f64f8413456ecbe900221305a3f883c37666473f"
  integrity sha512-9MdFxmkKaOYVTV+XVRG8ArDwwQ77XIgIPyKASB1k3JPq3M8fGQQQE3YpMOrKm6g//Ktx8ivZr8xo1Qmtqub+GA==

node-gyp-build@^4.5.0:
  version "4.8.4"
  resolved "https://registry.yarnpkg.com/node-gyp-build/-/node-gyp-build-4.8.4.tgz#8a70ee85464ae52327772a90d66c6077a900cfc8"
  integrity sha512-LA4ZjwlnUblHVgq0oBF3Jl/6h/Nvs5fzBLwdEF4nuxnFdsfajde4WfxtJr3CaiH+F6ewcIB/q4jQ4UzPyid+CQ==

oxlint@1.61.0:
  version "1.61.0"
  resolved "https://registry.yarnpkg.com/oxlint/-/oxlint-1.61.0.tgz#e714742cfe7b815713feb14600b0ffe963d539a4"
  integrity sha512-ZC0ALuhDZ6ivOFG+sy0D0pEDN49EvsId98zVlmYdkcXHsEM14m/qTNUEsUpiFiCVbpIxYtVBmmLE87nsbUHohQ==
  optionalDependencies:
    "@oxlint/binding-android-arm-eabi" "1.61.0"
    "@oxlint/binding-android-arm64" "1.61.0"
    "@oxlint/binding-darwin-arm64" "1.61.0"
    "@oxlint/binding-darwin-x64" "1.61.0"
    "@oxlint/binding-freebsd-x64" "1.61.0"
    "@oxlint/binding-linux-arm-gnueabihf" "1.61.0"
    "@oxlint/binding-linux-arm-musleabihf" "1.61.0"
    "@oxlint/binding-linux-arm64-gnu" "1.61.0"
    "@oxlint/binding-linux-arm64-musl" "1.61.0"
    "@oxlint/binding-linux-ppc64-gnu" "1.61.0"
    "@oxlint/binding-linux-riscv64-gnu" "1.61.0"
    "@oxlint/binding-linux-riscv64-musl" "1.61.0"
    "@oxlint/binding-linux-s390x-gnu" "1.61.0"
    "@oxlint/binding-linux-x64-gnu" "1.61.0"
    "@oxlint/binding-linux-x64-musl" "1.61.0"
    "@oxlint/binding-openharmony-arm64" "1.61.0"
    "@oxlint/binding-win32-arm64-msvc" "1.61.0"
    "@oxlint/binding-win32-ia32-msvc" "1.61.0"
    "@oxlint/binding-win32-x64-msvc" "1.61.0"

usb@2.17.0:
  version "2.17.0"
  resolved "https://registry.yarnpkg.com/usb/-/usb-2.17.0.tgz#ab4662aee723f0ed7c2a70ee622ff8d59491f018"
  integrity sha512-UuFgrlglgDn5ll6d5l7kl3nDb2Yx43qLUGcDq+7UNLZLtbNug0HZBb2Xodhgx2JZB1LqvU+dOGqLEeYUeZqsHg==
  dependencies:
    "@types/w3c-web-usb" "^1.0.6"
    node-addon-api "^8.0.0"
    node-gyp-build "^4.5.0"
